# This file is automatically @generated by Cargo.
# It is not intended for manual editing.
version = 4

[[package]]
name = "aom-decode"
version = "1.0.0"
source = "registry+https://github.com/rust-lang/crates.io-index"
checksum = "ad1739f6df0cf614139230fe5f4708eece839ef5ad74e2612c0fcb2f7b5676ab"
dependencies = [
 "avif-parse",
 "bytemuck",
 "imgref",
 "libaom-sys",
 "log",
 "quick-error",
 "rgb",
 "yuv",
]

[[package]]
name = "arrayvec"
version = "0.7.8"
source = "registry+https://github.com/rust-lang/crates.io-index"
checksum = "d3fb67a6e08acf24fdeccbac2cb6ac4305825bd1f117462e0e6f2f193345ad56"

[[package]]
name = "autocfg"
version = "1.5.1"
source = "registry+https://github.com/rust-lang/crates.io-index"
checksum = "f2032f911046de80f0a198e0901378627c33f59ea0ac00e363d481118bd70a53"

[[package]]
name = "avif-decode"
version = "2.0.0"
dependencies = [
 "aom-decode",
 "imgref",
 "lodepng",
 "quick-error",
 "rgb",
]

[[package]]
name = "avif-parse"
version = "2.1.0"
source = "registry+https://github.com/rust-lang/crates.io-index"
checksum = "048e72663e14be27bfd8a9e01e8a0bf27610511ffd5f74c7955f4e4847ce2530"
dependencies = [
 "arrayvec",
 "bitreader",
 "byteorder",
 "fallible_collections",
 "leb128",
 "log",
]

[[package]]
name = "bitreader"
version = "0.3.11"
source = "registry+https://github.com/rust-lang/crates.io-index"
checksum = "886559b1e163d56c765bc3a985febb4eee8009f625244511d8ee3c432e08c066"
dependencies = [
 "cfg-if",
]

[[package]]
name = "bytemuck"
version = "1.25.2"
source = "registry+https://github.com/rust-lang/crates.io-index"
checksum = "95832e849adfb21180ccb6826a99da14e5d266ae5c2e668e1602cf234f153797"

[[package]]
name = "byteorder"
version = "1.5.0"
source = "registry+https://github.com/rust-lang/crates.io-index"
checksum = "1fd0f2584146f6f2ef48085050886acf353beff7305ebd1ae69500e27c67f64b"

[[package]]
name = "cc"
version = "1.4.6"
source = "registry+https://github.com/rust-lang/crates.io-index"
checksum = "a3eb0f42d6c360dc3f8a821f6bf2fdea7f72bfd36b3076eb0e6d1e9e0752fff4"
dependencies = [
 "find-msvc-tools",
 "shlex",
]

[[package]]
name = "cfg-if"
version = "1.0.4"
source = "registry+https://github.com/rust-lang/crates.io-index"
checksum = "9330f8b2ff13f34540b44e946ef35111825727b38d33286ef986142615121801"

[[package]]
name = "cmake"
version = "0.1.58"
source = "registry+https://github.com/rust-lang/crates.io-index"
checksum = "c0f78a02292a74a88ac736019ab962ece0bc380e3f977bf72e376c5d78ff0678"
dependencies = [
 "cc",
]

[[package]]
name = "crc32fast"
version = "1.5.2"
source = "registry+https://github.com/rust-lang/crates.io-index"
checksum = "01a7799fd6b852db0e61728dde9a204c423b44d689dbd432522543614b490e78"
dependencies = [
 "cfg-if",
]

[[package]]
name = "fallible_collections"
version = "0.5.2"
source = "registry+https://github.com/rust-lang/crates.io-index"
checksum = "dab93c7205280c4785c44517fe84d99751b81f6deb8450cb196da6be88e332bb"

[[package]]
name = "find-msvc-tools"
version = "0.1.12"
source = "registry+https://github.com/rust-lang/crates.io-index"
checksum = "3e0f1c7c3a72c66fd80abe965175f7523475c0489a87d3ff9d6e8c87d87a9d2d"

[[package]]
name = "flate2"
version = "1.1.10"
source = "registry+https://github.com/rust-lang/crates.io-index"
checksum = "6e634e2e0ebac1ee034020da1ca582e17ffe4e0f5e985823721e168928136dcb"
dependencies = [
 "zlib-rs",
]

[[package]]
name = "imgref"
version = "1.12.3"
source = "registry+https://github.com/rust-lang/crates.io-index"
checksum = "6e44b0a4eaa4c82f441d50a963f2d5f05a787240aeee097597033e72accfd22f"

[[package]]
name = "leb128"
version = "0.2.7"
source = "registry+https://github.com/rust-lang/crates.io-index"
checksum = "c83bff1d572d6b9aeef67ddfc8448e4a3737909cb28e81f97c791b9018703e52"

[[package]]
name = "libaom-sys"
version = "0.17.2+libaom.3.11.0"
source = "registry+https://github.com/rust-lang/crates.io-index"
checksum = "7c4fce8aaf0c2d8534529b0698ed98ec1da8d35319588d20b0d79ce6446e4194"
dependencies = [
 "cmake",
]

[[package]]
name = "libc"
version = "0.2.189"
source = "registry+https://github.com/rust-lang/crates.io-index"
checksum = "3eaf3ede3fee6db1a4c2ee091bf8a8b4dccdc6d17f656fb07896ee72867612f2"

[[package]]
name = "lodepng"
version = "3.12.2"
source = "registry+https://github.com/rust-lang/crates.io-index"
checksum = "fe7982db11054edc023a1b424dddcc65be18f71fa46ec6bde2efcfc1fb6b22da"
dependencies = [
 "crc32fast",
 "flate2",
 "libc",
 "rgb",
]

[[package]]
name = "log"
version = "0.4.34"
source = "registry+https://github.com/rust-lang/crates.io-index"
checksum = "f9f8bd3e56ce4dfc153cf470fffbfa98c7620958b312ca5c3a4b8d5181fd13c6"

[[package]]
name = "num-traits"
version = "0.2.19"
source = "registry+https://github.com/rust-lang/crates.io-index"
checksum = "071dfc062690e90b734c0b2273ce72ad0ffa95f0c74596bc250dcfd960262841"
dependencies = [
 "autocfg",
]

[[package]]
name = "quick-error"
version = "2.0.1"
source = "registry+https://github.com/rust-lang/crates.io-index"
checksum = "a993555f31e5a609f617c12db6250dedcac1b0a85076912c436e6fc9b2c8e6a3"

[[package]]
name = "rgb"
version = "0.8.53"
source = "registry+https://github.com/rust-lang/crates.io-index"
checksum = "47b34b781b31e5d73e9fbc8689c70551fd1ade9a19e3e28cfec8580a79290cc4"
dependencies = [
 "bytemuck",
]

[[package]]
name = "shlex"
version = "2.0.1"
source = "registry+https://github.com/rust-lang/crates.io-index"
checksum = "f8fadd59c855ef2080decdef8ff161eb6661b86933c9d82e5ba29dc602a55aba"

[[package]]
name = "yuv"
version = "0.8.18"
source = "registry+https://github.com/rust-lang/crates.io-index"
checksum = "6ee07950d2f109605ec02cf0208fd5c33d05a36940b9c0cbe7bfd2a8d3b5d390"
dependencies = [
 "num-traits",
]

[[package]]
name = "zlib-rs"
version = "0.6.7"
source = "registry+https://github.com/rust-lang/crates.io-index"
checksum = "34b31d188d9d685a4f9c7b46d6e36631b07058d2cfe190267adce54dc230bf12"
